{
  "name": "pin-client",
  "version": "0.1.0",
  "lockfileVersion": 1,
  "requires": true,
  "dependencies": {
    "axios": {
      "version": "0.16.2",
      "resolved": "https://registry.npmjs.org/axios/-/axios-0.16.2.tgz",
      "integrity": "sha1-uk+S8XFn37q0CYN4VFS5rBScPG0="
    },
    "react": {
      "version": "15.6.2",
      "resolved": "https://registry.npmjs.org/react/-/react-15.6.2.tgz",
      "integrity": "sha1-26BDSrQ5z+gvEI8PURZjkIF5qnI="
    },
    "react-bootstrap": {
      "version": "0.31.3",
      "resolved": "https://registry.npmjs.org/react-bootstrap/-/react-bootstrap-0.31.3.tgz",
      "integrity": "sha512-n6OcS2IsxLcv1qmma14zKYBJqCsIS4ccwEtl09PLjbYTkKBLwkBmD7hB9+WQUgGfD21TP2UoEI87kIxjVwkP5Q=="
    },
    "react-bootstrap-modal": {
      "version": "3.0.1",
      "resolved": "https://registry.npmjs.org/react-bootstrap-modal/-/react-bootstrap-modal-3.0.1.tgz",
      "integrity": "sha1-rVDPQssyoPUC86wgYL8k0Ley0pM=",
      "dependencies": {
        "dom-helpers": {
          "version": "2.4.0",
          "resolved": "https://registry.npmjs.org/dom-helpers/-/dom-helpers-2.4.0.tgz",
          "integrity": "sha1-m7SyRfY3NnsfpnAnQnKqKP4Gw2c="
        },
        "react-overlays": {
          "version": "0.6.12",
          "resolved": "https://registry.npmjs.org/react-overlays/-/react-overlays-0.6.12.tgz",
          "integrity": "sha1-oHnHUMxCnX20x0dKlbS1QDPiVcM=",
          "dependencies": {
            "dom-helpers": {
              "version": "3.2.1",
              "resolved": "https://registry.npmjs.org/dom-helpers/-/dom-helpers-3.2.1.tgz",
              "integrity": "sha1-MgPgf+0he9H0JLAZc1WC/Deyglo="
            }
          }
        }
      }
    },
    "react-dom": {
      "version": "15.6.2",
      "resolved": "https://registry.npmjs.org/react-dom/-/react-dom-15.6.2.tgz",
      "integrity": "sha1-Qc+t9pO3V/rycIRDodH9WgK+9zA="
    },
    "react-router-dom": {
      "version": "4.2.2",
      "resolved": "https://registry.npmjs.org/react-router-dom/-/react-router-dom-4.2.2.tgz",
      "integrity": "sha512-cHMFC1ZoLDfEaMFoKTjN7fry/oczMgRt5BKfMAkTu5zEuJvUiPp1J8d0eXSVTnBh6pxlbdqDhozunOOLtmKfPA=="
    },
    "react-scripts": {
      "version": "1.0.14",
      "resolved": "https://registry.npmjs.org/react-scripts/-/react-scripts-1.0.14.tgz",
      "integrity": "sha512-+p0q2N2WW7L4WW6uObqN7fYwSQZ9fBI0StpMYl1Ukoz/lCbemf+yW6b8refyhTsGy62GAqxlpyEfVcTE3hJAxg==",
      "dependencies": {
        "promise": {
          "version": "8.0.1",
          "resolved": "https://registry.npmjs.org/promise/-/promise-8.0.1.tgz",
          "integrity": "sha1-5F1osAoXZHttpxG/he1u1HII9FA="
        }
      }
    },
    "react-stack-grid": {
      "version": "0.5.0",
      "resolved": "https://registry.npmjs.org/react-stack-grid/-/react-stack-grid-0.5.0.tgz",
      "integrity": "sha1-ezA0EWPvk37c5KWhx5YqQp9+KBg="
    },
    "underscore": {
      "version": "1.12.1",
      "resolved": "https://registry.npmjs.org/underscore/-/underscore-1.12.1.tgz",
      "integrity": "sha512-hEQt0+ZLDVUMhebKxL4x1BTtDY7bavVofhZ9KZ4aI26X9SRaE+Y3m83XUL1UP2jn8ynjndwCCpEHdUG+9pP1Tw=="
    },
    "uuid": {
      "version": "3.1.0",
      "resolved": "https://registry.npmjs.org/uuid/-/uuid-3.1.0.tgz",
      "integrity": "sha512-DIWtzUkw04M4k3bf1IcpS2tngXEL26YUD2M0tMDUpnUrz2hgzUBlD55a4FjdLGPvfHxS6uluGWvaVEqgBcVa+g=="
    }
  }
}
